{
  "nodes": {
    "flake-utils": {
      "locked": {
        "lastModified": 1667395993,
        "narHash": "sha256-nuEHfE/LcWyuSWnS8t12N1wc105Qtau+/OdUAjtQ0rA=",
        "owner": "numtide",
        "repo": "flake-utils",
        "rev": "5aed5285a952e0b949eb3ba02c12fa4fcfef535f",
        "type": "github"
      },
      "original": {
        "owner": "numtide",
        "repo": "flake-utils",
        "type": "github"
      }
    },
    "nixpkgs": {
      "locked": {
        "lastModified": 1670594650,
        "narHash": "sha256-07As8JIiWAt5xanlu2dPSNNaJ/wcXdisOM5ucIUtiyo=",
        "owner": "Princemachiavelli",
        "repo": "nixpkgs",
        "rev": "9adaa3fd0aa0b8d97e8c85875e65c10063efdc07",
        "type": "github"
      },
      "original": {
        "owner": "Princemachiavelli",
        "ref": "unstable-good",
        "repo": "nixpkgs",
        "type": "github"
      }
    },
    "root": {
      "inputs": {
        "flake-utils": "flake-utils",
        "nixpkgs": "nixpkgs"
      }
    }
  },
  "root": "root",
  "version": 7
}
